// !$*UTF8*$!
{
	archiveVersion = 1;
	classes = {
	};
	objectVersion = 51;
	objects = {

/* Begin PBXBuildFile section */
		6463E2D92386064E00A52792 /* TrainingList.swift in Sources */ = {isa = PBXBuildFile; fileRef = 6463E2D82386064E00A52792 /* TrainingList.swift */; };
		6463E2DB238DBAF600A52792 /* DateUtil.swift in Sources */ = {isa = PBXBuildFile; fileRef = 6463E2DA238DBAF600A52792 /* DateUtil.swift */; };
		6463E2DD238DBF7700A52792 /* TrainingDetails.swift in Sources */ = {isa = PBXBuildFile; fileRef = 6463E2DC238DBF7700A52792 /* TrainingDetails.swift */; };
		6463E2E0238DD5E200A52792 /* ExerciseDetails.swift in Sources */ = {isa = PBXBuildFile; fileRef = 6463E2DF238DD5E200A52792 /* ExerciseDetails.swift */; };
		6484642423908E2600F3290D /* TrainingModelExtension.swift in Sources */ = {isa = PBXBuildFile; fileRef = 6484642323908E2600F3290D /* TrainingModelExtension.swift */; };
		6484642623908E5300F3290D /* ExerciseModelExtension.swift in Sources */ = {isa = PBXBuildFile; fileRef = 6484642523908E5300F3290D /* ExerciseModelExtension.swift */; };
		6484642823908E8000F3290D /* ExerciseLoopModelExtension.swift in Sources */ = {isa = PBXBuildFile; fileRef = 6484642723908E8000F3290D /* ExerciseLoopModelExtension.swift */; };
		6484642B23908F2F00F3290D /* ExerciseHeader.swift in Sources */ = {isa = PBXBuildFile; fileRef = 6484642A23908F2F00F3290D /* ExerciseHeader.swift */; };
		6484642D23908F4000F3290D /* ExerciseLoop.swift in Sources */ = {isa = PBXBuildFile; fileRef = 6484642C23908F4000F3290D /* ExerciseLoop.swift */; };
		6484642F239097BF00F3290D /* TrainingsStore.swift in Sources */ = {isa = PBXBuildFile; fileRef = 6484642E239097BF00F3290D /* TrainingsStore.swift */; };
		648464372390A37E00F3290D /* TrainingDetailsViewModel.swift in Sources */ = {isa = PBXBuildFile; fileRef = 648464362390A37E00F3290D /* TrainingDetailsViewModel.swift */; };
		648464392390A3AE00F3290D /* TrainingListViewModel.swift in Sources */ = {isa = PBXBuildFile; fileRef = 648464382390A3AE00F3290D /* TrainingListViewModel.swift */; };
		6484643B2392A71200F3290D /* AppDelegate+Injection.swift in Sources */ = {isa = PBXBuildFile; fileRef = 6484643A2392A71200F3290D /* AppDelegate+Injection.swift */; };
		6484643E2392AB5200F3290D /* TrainingDetailsViewModelExtension.swift in Sources */ = {isa = PBXBuildFile; fileRef = 6484643D2392AB5200F3290D /* TrainingDetailsViewModelExtension.swift */; };
		648464402392AC2800F3290D /* ExerciseViewModel.swift in Sources */ = {isa = PBXBuildFile; fileRef = 6484643F2392AC2800F3290D /* ExerciseViewModel.swift */; };
		648464422392AC7300F3290D /* ExerciseViewModelExtension.swift in Sources */ = {isa = PBXBuildFile; fileRef = 648464412392AC7300F3290D /* ExerciseViewModelExtension.swift */; };
		648464442392ACBE00F3290D /* ExerciseLoopViewModel.swift in Sources */ = {isa = PBXBuildFile; fileRef = 648464432392ACBE00F3290D /* ExerciseLoopViewModel.swift */; };
		6496A7CC238F45CD009DCC61 /* DataSource.swift in Sources */ = {isa = PBXBuildFile; fileRef = 6496A7CB238F45CD009DCC61 /* DataSource.swift */; };
		6496A7CE239087AB009DCC61 /* TrainingsApiClient.swift in Sources */ = {isa = PBXBuildFile; fileRef = 6496A7CD239087AB009DCC61 /* TrainingsApiClient.swift */; };
		64A7A11F2383E99000870687 /* AppDelegate.swift in Sources */ = {isa = PBXBuildFile; fileRef = 64A7A11E2383E99000870687 /* AppDelegate.swift */; };
		64A7A1212383E99000870687 /* SceneDelegate.swift in Sources */ = {isa = PBXBuildFile; fileRef = 64A7A1202383E99000870687 /* SceneDelegate.swift */; };
		64A7A1232383E99000870687 /* ContentView.swift in Sources */ = {isa = PBXBuildFile; fileRef = 64A7A1222383E99000870687 /* ContentView.swift */; };
		64A7A1252383E99200870687 /* Assets.xcassets in Resources */ = {isa = PBXBuildFile; fileRef = 64A7A1242383E99200870687 /* Assets.xcassets */; };
		64A7A1282383E99200870687 /* Preview Assets.xcassets in Resources */ = {isa = PBXBuildFile; fileRef = 64A7A1272383E99200870687 /* Preview Assets.xcassets */; };
		64A7A12B2383E99200870687 /* LaunchScreen.storyboard in Resources */ = {isa = PBXBuildFile; fileRef = 64A7A1292383E99200870687 /* LaunchScreen.storyboard */; };
		64A7A1362383E99300870687 /* WD_Client_iOsTests.swift in Sources */ = {isa = PBXBuildFile; fileRef = 64A7A1352383E99300870687 /* WD_Client_iOsTests.swift */; };
		64A7A1412383E99300870687 /* WD_Client_iOsUITests.swift in Sources */ = {isa = PBXBuildFile; fileRef = 64A7A1402383E99300870687 /* WD_Client_iOsUITests.swift */; };
		64A7A1502384302800870687 /* TrainingModel.swift in Sources */ = {isa = PBXBuildFile; fileRef = 64A7A14F2384302800870687 /* TrainingModel.swift */; };
		64A7A1522384383600870687 /* ExerciseModel.swift in Sources */ = {isa = PBXBuildFile; fileRef = 64A7A1512384383600870687 /* ExerciseModel.swift */; };
		64A7A1542384384400870687 /* ExerciseLoopModel.swift in Sources */ = {isa = PBXBuildFile; fileRef = 64A7A1532384384400870687 /* ExerciseLoopModel.swift */; };
		64A7A15823844C1C00870687 /* Api.swift in Sources */ = {isa = PBXBuildFile; fileRef = 64A7A15723844C1C00870687 /* Api.swift */; };
		64A7A15E2384938C00870687 /* JsonUtil.swift in Sources */ = {isa = PBXBuildFile; fileRef = 64A7A15D2384938C00870687 /* JsonUtil.swift */; };
		64E3AB70238DE74600B37599 /* TestData.swift in Sources */ = {isa = PBXBuildFile; fileRef = 64E3AB6F238DE74600B37599 /* TestData.swift */; };
		DF2E04FC27117711D02B4A5D /* Pods_WD_Client_iOs.framework in Frameworks */ = {isa = PBXBuildFile; fileRef = CC57C74FE1CB94C544BD0684 /* Pods_WD_Client_iOs.framework */; };
/* End PBXBuildFile section */

/* Begin PBXContainerItemProxy section */
		64A7A1322383E99300870687 /* PBXContainerItemProxy */ = {
			isa = PBXContainerItemProxy;
			containerPortal = 64A7A1132383E99000870687 /* Project object */;
			proxyType = 1;
			remoteGlobalIDString = 64A7A11A2383E99000870687;
			remoteInfo = WD.Client.iOs;
		};
		64A7A13D2383E99300870687 /* PBXContainerItemProxy */ = {
			isa = PBXContainerItemProxy;
			containerPortal = 64A7A1132383E99000870687 /* Project object */;
			proxyType = 1;
			remoteGlobalIDString = 64A7A11A2383E99000870687;
			remoteInfo = WD.Client.iOs;
		};
/* End PBXContainerItemProxy section */

/* Begin PBXFileReference section */
		6463E2D82386064E00A52792 /* TrainingList.swift */ = {isa = PBXFileReference; lastKnownFileType = sourcecode.swift; path = TrainingList.swift; sourceTree = "<group>"; };
		6463E2DA238DBAF600A52792 /* DateUtil.swift */ = {isa = PBXFileReference; lastKnownFileType = sourcecode.swift; path = DateUtil.swift; sourceTree = "<group>"; };
		6463E2DC238DBF7700A52792 /* TrainingDetails.swift */ = {isa = PBXFileReference; lastKnownFileType = sourcecode.swift; path = TrainingDetails.swift; sourceTree = "<group>"; };
		6463E2DF238DD5E200A52792 /* ExerciseDetails.swift */ = {isa = PBXFileReference; lastKnownFileType = sourcecode.swift; path = ExerciseDetails.swift; sourceTree = "<group>"; usesTabs = 0; };
		6484642323908E2600F3290D /* TrainingModelExtension.swift */ = {isa = PBXFileReference; lastKnownFileType = sourcecode.swift; path = TrainingModelExtension.swift; sourceTree = "<group>"; };
		6484642523908E5300F3290D /* ExerciseModelExtension.swift */ = {isa = PBXFileReference; lastKnownFileType = sourcecode.swift; path = ExerciseModelExtension.swift; sourceTree = "<group>"; };
		6484642723908E8000F3290D /* ExerciseLoopModelExtension.swift */ = {isa = PBXFileReference; lastKnownFileType = sourcecode.swift; path = ExerciseLoopModelExtension.swift; sourceTree = "<group>"; };
		6484642A23908F2F00F3290D /* ExerciseHeader.swift */ = {isa = PBXFileReference; lastKnownFileType = sourcecode.swift; path = ExerciseHeader.swift; sourceTree = "<group>"; };
		6484642C23908F4000F3290D /* ExerciseLoop.swift */ = {isa = PBXFileReference; lastKnownFileType = sourcecode.swift; path = ExerciseLoop.swift; sourceTree = "<group>"; };
		6484642E239097BF00F3290D /* TrainingsStore.swift */ = {isa = PBXFileReference; lastKnownFileType = sourcecode.swift; path = TrainingsStore.swift; sourceTree = "<group>"; };
		648464362390A37E00F3290D /* TrainingDetailsViewModel.swift */ = {isa = PBXFileReference; lastKnownFileType = sourcecode.swift; path = TrainingDetailsViewModel.swift; sourceTree = "<group>"; };
		648464382390A3AE00F3290D /* TrainingListViewModel.swift */ = {isa = PBXFileReference; fileEncoding = 4; lastKnownFileType = sourcecode.swift; path = TrainingListViewModel.swift; sourceTree = "<group>"; };
		6484643A2392A71200F3290D /* AppDelegate+Injection.swift */ = {isa = PBXFileReference; lastKnownFileType = sourcecode.swift; path = "AppDelegate+Injection.swift"; sourceTree = "<group>"; };
		6484643D2392AB5200F3290D /* TrainingDetailsViewModelExtension.swift */ = {isa = PBXFileReference; lastKnownFileType = sourcecode.swift; path = TrainingDetailsViewModelExtension.swift; sourceTree = "<group>"; };
		6484643F2392AC2800F3290D /* ExerciseViewModel.swift */ = {isa = PBXFileReference; lastKnownFileType = sourcecode.swift; path = ExerciseViewModel.swift; sourceTree = "<group>"; };
		648464412392AC7300F3290D /* ExerciseViewModelExtension.swift */ = {isa = PBXFileReference; lastKnownFileType = sourcecode.swift; path = ExerciseViewModelExtension.swift; sourceTree = "<group>"; };
		648464432392ACBE00F3290D /* ExerciseLoopViewModel.swift */ = {isa = PBXFileReference; lastKnownFileType = sourcecode.swift; path = ExerciseLoopViewModel.swift; sourceTree = "<group>"; };
		6496A7CB238F45CD009DCC61 /* DataSource.swift */ = {isa = PBXFileReference; fileEncoding = 4; lastKnownFileType = sourcecode.swift; path = DataSource.swift; sourceTree = "<group>"; };
		6496A7CD239087AB009DCC61 /* TrainingsApiClient.swift */ = {isa = PBXFileReference; lastKnownFileType = sourcecode.swift; path = TrainingsApiClient.swift; sourceTree = "<group>"; };
		64A7A11B2383E99000870687 /* WD.Client.iOs.app */ = {isa = PBXFileReference; explicitFileType = wrapper.application; includeInIndex = 0; path = WD.Client.iOs.app; sourceTree = BUILT_PRODUCTS_DIR; };
		64A7A11E2383E99000870687 /* AppDelegate.swift */ = {isa = PBXFileReference; lastKnownFileType = sourcecode.swift; path = AppDelegate.swift; sourceTree = "<group>"; };
		64A7A1202383E99000870687 /* SceneDelegate.swift */ = {isa = PBXFileReference; lastKnownFileType = sourcecode.swift; path = SceneDelegate.swift; sourceTree = "<group>"; };
		64A7A1222383E99000870687 /* ContentView.swift */ = {isa = PBXFileReference; lastKnownFileType = sourcecode.swift; path = ContentView.swift; sourceTree = "<group>"; };
		64A7A1242383E99200870687 /* Assets.xcassets */ = {isa = PBXFileReference; lastKnownFileType = folder.assetcatalog; path = Assets.xcassets; sourceTree = "<group>"; };
		64A7A1272383E99200870687 /* Preview Assets.xcassets */ = {isa = PBXFileReference; lastKnownFileType = folder.assetcatalog; path = "Preview Assets.xcassets"; sourceTree = "<group>"; };
		64A7A12A2383E99200870687 /* Base */ = {isa = PBXFileReference; lastKnownFileType = file.storyboard; name = Base; path = Base.lproj/LaunchScreen.storyboard; sourceTree = "<group>"; };
		64A7A12C2383E99300870687 /* Info.plist */ = {isa = PBXFileReference; lastKnownFileType = text.plist.xml; path = Info.plist; sourceTree = "<group>"; };
		64A7A1312383E99300870687 /* WD.Client.iOsTests.xctest */ = {isa = PBXFileReference; explicitFileType = wrapper.cfbundle; includeInIndex = 0; path = WD.Client.iOsTests.xctest; sourceTree = BUILT_PRODUCTS_DIR; };
		64A7A1352383E99300870687 /* WD_Client_iOsTests.swift */ = {isa = PBXFileReference; lastKnownFileType = sourcecode.swift; path = WD_Client_iOsTests.swift; sourceTree = "<group>"; };
		64A7A1372383E99300870687 /* Info.plist */ = {isa = PBXFileReference; lastKnownFileType = text.plist.xml; path = Info.plist; sourceTree = "<group>"; };
		64A7A13C2383E99300870687 /* WD.Client.iOsUITests.xctest */ = {isa = PBXFileReference; explicitFileType = wrapper.cfbundle; includeInIndex = 0; path = WD.Client.iOsUITests.xctest; sourceTree = BUILT_PRODUCTS_DIR; };
		64A7A1402383E99300870687 /* WD_Client_iOsUITests.swift */ = {isa = PBXFileReference; lastKnownFileType = sourcecode.swift; path = WD_Client_iOsUITests.swift; sourceTree = "<group>"; };
		64A7A1422383E99300870687 /* Info.plist */ = {isa = PBXFileReference; lastKnownFileType = text.plist.xml; path = Info.plist; sourceTree = "<group>"; };
		64A7A14F2384302800870687 /* TrainingModel.swift */ = {isa = PBXFileReference; lastKnownFileType = sourcecode.swift; path = TrainingModel.swift; sourceTree = "<group>"; };
		64A7A1512384383600870687 /* ExerciseModel.swift */ = {isa = PBXFileReference; lastKnownFileType = sourcecode.swift; path = ExerciseModel.swift; sourceTree = "<group>"; };
		64A7A1532384384400870687 /* ExerciseLoopModel.swift */ = {isa = PBXFileReference; lastKnownFileType = sourcecode.swift; path = ExerciseLoopModel.swift; sourceTree = "<group>"; };
		64A7A15723844C1C00870687 /* Api.swift */ = {isa = PBXFileReference; lastKnownFileType = sourcecode.swift; path = Api.swift; sourceTree = "<group>"; };
		64A7A15D2384938C00870687 /* JsonUtil.swift */ = {isa = PBXFileReference; lastKnownFileType = sourcecode.swift; path = JsonUtil.swift; sourceTree = "<group>"; };
		64E3AB6F238DE74600B37599 /* TestData.swift */ = {isa = PBXFileReference; lastKnownFileType = sourcecode.swift; path = TestData.swift; sourceTree = "<group>"; };
		9B38C5728D98362776C878FC /* Pods-WD.Client.iOs.debug.xcconfig */ = {isa = PBXFileReference; includeInIndex = 1; lastKnownFileType = text.xcconfig; name = "Pods-WD.Client.iOs.debug.xcconfig"; path = "Target Support Files/Pods-WD.Client.iOs/Pods-WD.Client.iOs.debug.xcconfig"; sourceTree = "<group>"; };
		CC57C74FE1CB94C544BD0684 /* Pods_WD_Client_iOs.framework */ = {isa = PBXFileReference; explicitFileType = wrapper.framework; includeInIndex = 0; path = Pods_WD_Client_iOs.framework; sourceTree = BUILT_PRODUCTS_DIR; };
		FF5E2A33878C6A66025484D3 /* Pods-WD.Client.iOs.release.xcconfig */ = {isa = PBXFileReference; includeInIndex = 1; lastKnownFileType = text.xcconfig; name = "Pods-WD.Client.iOs.release.xcconfig"; path = "Target Support Files/Pods-WD.Client.iOs/Pods-WD.Client.iOs.release.xcconfig"; sourceTree = "<group>"; };
/* End PBXFileReference section */

/* Begin PBXFrameworksBuildPhase section */
		64A7A1182383E99000870687 /* Frameworks */ = {
			isa = PBXFrameworksBuildPhase;
			buildActionMask = 2147483647;
			files = (
				DF2E04FC27117711D02B4A5D /* Pods_WD_Client_iOs.framework in Frameworks */,
			);
			runOnlyForDeploymentPostprocessing = 0;
		};
		64A7A12E2383E99300870687 /* Frameworks */ = {
			isa = PBXFrameworksBuildPhase;
			buildActionMask = 2147483647;
			files = (
			);
			runOnlyForDeploymentPostprocessing = 0;
		};
		64A7A1392383E99300870687 /* Frameworks */ = {
			isa = PBXFrameworksBuildPhase;
			buildActionMask = 2147483647;
			files = (
			);
			runOnlyForDeploymentPostprocessing = 0;
		};
/* End PBXFrameworksBuildPhase section */

/* Begin PBXGroup section */
		15B42A6D296377843B7FDD22 /* Pods */ = {
			isa = PBXGroup;
			children = (
				9B38C5728D98362776C878FC /* Pods-WD.Client.iOs.debug.xcconfig */,
				FF5E2A33878C6A66025484D3 /* Pods-WD.Client.iOs.release.xcconfig */,
			);
			path = Pods;
			sourceTree = "<group>";
		};
		6463E2D72386060400A52792 /* Training */ = {
			isa = PBXGroup;
			children = (
				6463E2D82386064E00A52792 /* TrainingList.swift */,
				6463E2DC238DBF7700A52792 /* TrainingDetails.swift */,
			);
			path = Training;
			sourceTree = "<group>";
		};
		6463E2DE238DC1CB00A52792 /* Exercise */ = {
			isa = PBXGroup;
			children = (
				6463E2DF238DD5E200A52792 /* ExerciseDetails.swift */,
				6484642A23908F2F00F3290D /* ExerciseHeader.swift */,
				6484642C23908F4000F3290D /* ExerciseLoop.swift */,
			);
			path = Exercise;
			sourceTree = "<group>";
		};
		6484642223908E0000F3290D /* Extensions */ = {
			isa = PBXGroup;
			children = (
				6484642323908E2600F3290D /* TrainingModelExtension.swift */,
				6484642523908E5300F3290D /* ExerciseModelExtension.swift */,
				6484642723908E8000F3290D /* ExerciseLoopModelExtension.swift */,
			);
			path = Extensions;
			sourceTree = "<group>";
		};
		648464302390998600F3290D /* ViewModels */ = {
			isa = PBXGroup;
			children = (
				6484643C2392AB2900F3290D /* Extensions */,
				648464382390A3AE00F3290D /* TrainingListViewModel.swift */,
				648464362390A37E00F3290D /* TrainingDetailsViewModel.swift */,
				6484643F2392AC2800F3290D /* ExerciseViewModel.swift */,
				648464432392ACBE00F3290D /* ExerciseLoopViewModel.swift */,
			);
			path = ViewModels;
			sourceTree = "<group>";
		};
		6484643C2392AB2900F3290D /* Extensions */ = {
			isa = PBXGroup;
			children = (
				6484643D2392AB5200F3290D /* TrainingDetailsViewModelExtension.swift */,
				648464412392AC7300F3290D /* ExerciseViewModelExtension.swift */,
			);
			path = Extensions;
			sourceTree = "<group>";
		};
		64A7A1122383E99000870687 = {
			isa = PBXGroup;
			children = (
				64A7A15C2384937300870687 /* WD.Client.Utils */,
				64A7A1592384921700870687 /* WD.Client.Stores */,
				64A7A15623844BE000870687 /* WD.Client.ApiClient */,
				64A7A11D2383E99000870687 /* WD.Client.iOs */,
				64A7A1342383E99300870687 /* WD.Client.iOsTests */,
				64A7A13F2383E99300870687 /* WD.Client.iOsUITests */,
				64A7A11C2383E99000870687 /* Products */,
				15B42A6D296377843B7FDD22 /* Pods */,
				793CA5D11E3A553B3D5E6AF4 /* Frameworks */,
			);
			sourceTree = "<group>";
		};
		64A7A11C2383E99000870687 /* Products */ = {
			isa = PBXGroup;
			children = (
				64A7A11B2383E99000870687 /* WD.Client.iOs.app */,
				64A7A1312383E99300870687 /* WD.Client.iOsTests.xctest */,
				64A7A13C2383E99300870687 /* WD.Client.iOsUITests.xctest */,
			);
			name = Products;
			sourceTree = "<group>";
		};
		64A7A11D2383E99000870687 /* WD.Client.iOs */ = {
			isa = PBXGroup;
			children = (
				64A7A15523844BCC00870687 /* Views */,
				64A7A11E2383E99000870687 /* AppDelegate.swift */,
				6484643A2392A71200F3290D /* AppDelegate+Injection.swift */,
				64A7A1202383E99000870687 /* SceneDelegate.swift */,
				64A7A1222383E99000870687 /* ContentView.swift */,
				64A7A1242383E99200870687 /* Assets.xcassets */,
				64A7A1292383E99200870687 /* LaunchScreen.storyboard */,
				64A7A12C2383E99300870687 /* Info.plist */,
				64A7A1262383E99200870687 /* Preview Content */,
			);
			path = WD.Client.iOs;
			sourceTree = "<group>";
		};
		64A7A1262383E99200870687 /* Preview Content */ = {
			isa = PBXGroup;
			children = (
				64A7A1272383E99200870687 /* Preview Assets.xcassets */,
			);
			path = "Preview Content";
			sourceTree = "<group>";
		};
		64A7A1342383E99300870687 /* WD.Client.iOsTests */ = {
			isa = PBXGroup;
			children = (
				64A7A1352383E99300870687 /* WD_Client_iOsTests.swift */,
				64A7A1372383E99300870687 /* Info.plist */,
			);
			path = WD.Client.iOsTests;
			sourceTree = "<group>";
		};
		64A7A13F2383E99300870687 /* WD.Client.iOsUITests */ = {
			isa = PBXGroup;
			children = (
				64A7A1402383E99300870687 /* WD_Client_iOsUITests.swift */,
				64A7A1422383E99300870687 /* Info.plist */,
			);
			path = WD.Client.iOsUITests;
			sourceTree = "<group>";
		};
		64A7A14E23842FF200870687 /* Models */ = {
			isa = PBXGroup;
			children = (
				6484642223908E0000F3290D /* Extensions */,
				64A7A14F2384302800870687 /* TrainingModel.swift */,
				64A7A1512384383600870687 /* ExerciseModel.swift */,
				64A7A1532384384400870687 /* ExerciseLoopModel.swift */,
			);
			path = Models;
			sourceTree = "<group>";
		};
		64A7A15523844BCC00870687 /* Views */ = {
			isa = PBXGroup;
			children = (
				6463E2DE238DC1CB00A52792 /* Exercise */,
				6463E2D72386060400A52792 /* Training */,
			);
			path = Views;
			sourceTree = "<group>";
		};
		64A7A15623844BE000870687 /* WD.Client.ApiClient */ = {
			isa = PBXGroup;
			children = (
				64A7A15723844C1C00870687 /* Api.swift */,
				6496A7CD239087AB009DCC61 /* TrainingsApiClient.swift */,
			);
			path = WD.Client.ApiClient;
			sourceTree = "<group>";
		};
		64A7A1592384921700870687 /* WD.Client.Stores */ = {
			isa = PBXGroup;
			children = (
				648464302390998600F3290D /* ViewModels */,
				64A7A14E23842FF200870687 /* Models */,
				64E3AB6F238DE74600B37599 /* TestData.swift */,
				6496A7CB238F45CD009DCC61 /* DataSource.swift */,
				6484642E239097BF00F3290D /* TrainingsStore.swift */,
			);
			path = WD.Client.Stores;
			sourceTree = "<group>";
		};
		64A7A15C2384937300870687 /* WD.Client.Utils */ = {
			isa = PBXGroup;
			children = (
				64A7A15D2384938C00870687 /* JsonUtil.swift */,
				6463E2DA238DBAF600A52792 /* DateUtil.swift */,
			);
			path = WD.Client.Utils;
			sourceTree = "<group>";
		};
		793CA5D11E3A553B3D5E6AF4 /* Frameworks */ = {
			isa = PBXGroup;
			children = (
				CC57C74FE1CB94C544BD0684 /* Pods_WD_Client_iOs.framework */,
			);
			name = Frameworks;
			sourceTree = "<group>";
		};
/* End PBXGroup section */

/* Begin PBXNativeTarget section */
		64A7A11A2383E99000870687 /* WD.Client.iOs */ = {
			isa = PBXNativeTarget;
			buildConfigurationList = 64A7A1452383E99300870687 /* Build configuration list for PBXNativeTarget "WD.Client.iOs" */;
			buildPhases = (
				77ADDC444CDB14772F8EC106 /* [CP] Check Pods Manifest.lock */,
				64A7A1172383E99000870687 /* Sources */,
				64A7A1182383E99000870687 /* Frameworks */,
				64A7A1192383E99000870687 /* Resources */,
				E5B737A4F2D61D27331E2346 /* [CP] Embed Pods Frameworks */,
			);
			buildRules = (
			);
			dependencies = (
			);
			name = WD.Client.iOs;
			productName = WD.Client.iOs;
			productReference = 64A7A11B2383E99000870687 /* WD.Client.iOs.app */;
			productType = "com.apple.product-type.application";
		};
		64A7A1302383E99300870687 /* WD.Client.iOsTests */ = {
			isa = PBXNativeTarget;
			buildConfigurationList = 64A7A1482383E99300870687 /* Build configuration list for PBXNativeTarget "WD.Client.iOsTests" */;
			buildPhases = (
				64A7A12D2383E99300870687 /* Sources */,
				64A7A12E2383E99300870687 /* Frameworks */,
				64A7A12F2383E99300870687 /* Resources */,
			);
			buildRules = (
			);
			dependencies = (
				64A7A1332383E99300870687 /* PBXTargetDependency */,
			);
			name = WD.Client.iOsTests;
			productName = WD.Client.iOsTests;
			productReference = 64A7A1312383E99300870687 /* WD.Client.iOsTests.xctest */;
			productType = "com.apple.product-type.bundle.unit-test";
		};
		64A7A13B2383E99300870687 /* WD.Client.iOsUITests */ = {
			isa = PBXNativeTarget;
			buildConfigurationList = 64A7A14B2383E99300870687 /* Build configuration list for PBXNativeTarget "WD.Client.iOsUITests" */;
			buildPhases = (
				64A7A1382383E99300870687 /* Sources */,
				64A7A1392383E99300870687 /* Frameworks */,
				64A7A13A2383E99300870687 /* Resources */,
			);
			buildRules = (
			);
			dependencies = (
				64A7A13E2383E99300870687 /* PBXTargetDependency */,
			);
			name = WD.Client.iOsUITests;
			productName = WD.Client.iOsUITests;
			productReference = 64A7A13C2383E99300870687 /* WD.Client.iOsUITests.xctest */;
			productType = "com.apple.product-type.bundle.ui-testing";
		};
/* End PBXNativeTarget section */

/* Begin PBXProject section */
		64A7A1132383E99000870687 /* Project object */ = {
			isa = PBXProject;
			attributes = {
				LastSwiftUpdateCheck = 1120;
				LastUpgradeCheck = 1120;
				ORGANIZATIONNAME = "Maxim Stecenko";
				TargetAttributes = {
					64A7A11A2383E99000870687 = {
						CreatedOnToolsVersion = 11.2.1;
					};
					64A7A1302383E99300870687 = {
						CreatedOnToolsVersion = 11.2.1;
						TestTargetID = 64A7A11A2383E99000870687;
					};
					64A7A13B2383E99300870687 = {
						CreatedOnToolsVersion = 11.2.1;
						TestTargetID = 64A7A11A2383E99000870687;
					};
				};
			};
			buildConfigurationList = 64A7A1162383E99000870687 /* Build configuration list for PBXProject "WD.Client.iOs" */;
			compatibilityVersion = "Xcode 9.3";
			developmentRegion = en;
			hasScannedForEncodings = 0;
			knownRegions = (
				en,
				Base,
			);
			mainGroup = 64A7A1122383E99000870687;
			productRefGroup = 64A7A11C2383E99000870687 /* Products */;
			projectDirPath = "";
			projectRoot = "";
			targets = (
				64A7A11A2383E99000870687 /* WD.Client.iOs */,
				64A7A1302383E99300870687 /* WD.Client.iOsTests */,
				64A7A13B2383E99300870687 /* WD.Client.iOsUITests */,
			);
		};
/* End PBXProject section */

/* Begin PBXResourcesBuildPhase section */
		64A7A1192383E99000870687 /* Resources */ = {
			isa = PBXResourcesBuildPhase;
			buildActionMask = 2147483647;
			files = (
				64A7A12B2383E99200870687 /* LaunchScreen.storyboard in Resources */,
				64A7A1282383E99200870687 /* Preview Assets.xcassets in Resources */,
				64A7A1252383E99200870687 /* Assets.xcassets in Resources */,
			);
			runOnlyForDeploymentPostprocessing = 0;
		};
		64A7A12F2383E99300870687 /* Resources */ = {
			isa = PBXResourcesBuildPhase;
			buildActionMask = 2147483647;
			files = (
			);
			runOnlyForDeploymentPostprocessing = 0;
		};
		64A7A13A2383E99300870687 /* Resources */ = {
			isa = PBXResourcesBuildPhase;
			buildActionMask = 2147483647;
			files = (
			);
			runOnlyForDeploymentPostprocessing = 0;
		};
/* End PBXResourcesBuildPhase section */

/* Begin PBXShellScriptBuildPhase section */
		77ADDC444CDB14772F8EC106 /* [CP] Check Pods Manifest.lock */ = {
			isa = PBXShellScriptBuildPhase;
			buildActionMask = 2147483647;
			files = (
			);
			inputFileListPaths = (
			);
			inputPaths = (
				"${PODS_PODFILE_DIR_PATH}/Podfile.lock",
				"${PODS_ROOT}/Manifest.lock",
			);
			name = "[CP] Check Pods Manifest.lock";
			outputFileListPaths = (
			);
			outputPaths = (
				"$(DERIVED_FILE_DIR)/Pods-WD.Client.iOs-checkManifestLockResult.txt",
			);
			runOnlyForDeploymentPostprocessing = 0;
			shellPath = /bin/sh;
			shellScript = "diff \"${PODS_PODFILE_DIR_PATH}/Podfile.lock\" \"${PODS_ROOT}/Manifest.lock\" > /dev/null\nif [ $? != 0 ] ; then\n    # print error to STDERR\n    echo \"error: The sandbox is not in sync with the Podfile.lock. Run 'pod install' or update your CocoaPods installation.\" >&2\n    exit 1\nfi\n# This output is used by Xcode 'outputs' to avoid re-running this script phase.\necho \"SUCCESS\" > \"${SCRIPT_OUTPUT_FILE_0}\"\n";
			showEnvVarsInLog = 0;
		};
		E5B737A4F2D61D27331E2346 /* [CP] Embed Pods Frameworks */ = {
			isa = PBXShellScriptBuildPhase;
			buildActionMask = 2147483647;
			files = (
			);
			inputFileListPaths = (
				"${PODS_ROOT}/Target Support Files/Pods-WD.Client.iOs/Pods-WD.Client.iOs-frameworks-${CONFIGURATION}-input-files.xcfilelist",
			);
			name = "[CP] Embed Pods Frameworks";
			outputFileListPaths = (
				"${PODS_ROOT}/Target Support Files/Pods-WD.Client.iOs/Pods-WD.Client.iOs-frameworks-${CONFIGURATION}-output-files.xcfilelist",
			);
			runOnlyForDeploymentPostprocessing = 0;
			shellPath = /bin/sh;
			shellScript = "\"${PODS_ROOT}/Target Support Files/Pods-WD.Client.iOs/Pods-WD.Client.iOs-frameworks.sh\"\n";
			showEnvVarsInLog = 0;
		};
/* End PBXShellScriptBuildPhase section */

/* Begin PBXSourcesBuildPhase section */
		64A7A1172383E99000870687 /* Sources */ = {
			isa = PBXSourcesBuildPhase;
			buildActionMask = 2147483647;
			files = (
				6484643B2392A71200F3290D /* AppDelegate+Injection.swift in Sources */,
				64A7A11F2383E99000870687 /* AppDelegate.swift in Sources */,
				6463E2DB238DBAF600A52792 /* DateUtil.swift in Sources */,
				6484642423908E2600F3290D /* TrainingModelExtension.swift in Sources */,
				6496A7CC238F45CD009DCC61 /* DataSource.swift in Sources */,
				6484643E2392AB5200F3290D /* TrainingDetailsViewModelExtension.swift in Sources */,
				648464402392AC2800F3290D /* ExerciseViewModel.swift in Sources */,
				64A7A1542384384400870687 /* ExerciseLoopModel.swift in Sources */,
				648464392390A3AE00F3290D /* TrainingListViewModel.swift in Sources */,
				64A7A1522384383600870687 /* ExerciseModel.swift in Sources */,
				64E3AB70238DE74600B37599 /* TestData.swift in Sources */,
				6484642D23908F4000F3290D /* ExerciseLoop.swift in Sources */,
				6484642623908E5300F3290D /* ExerciseModelExtension.swift in Sources */,
				64A7A1212383E99000870687 /* SceneDelegate.swift in Sources */,
				6463E2DD238DBF7700A52792 /* TrainingDetails.swift in Sources */,
				648464422392AC7300F3290D /* ExerciseViewModelExtension.swift in Sources */,
				648464442392ACBE00F3290D /* ExerciseLoopViewModel.swift in Sources */,
				6463E2D92386064E00A52792 /* TrainingList.swift in Sources */,
				64A7A1232383E99000870687 /* ContentView.swift in Sources */,
				648464372390A37E00F3290D /* TrainingDetailsViewModel.swift in Sources */,
				6484642823908E8000F3290D /* ExerciseLoopModelExtension.swift in Sources */,
				6484642F239097BF00F3290D /* TrainingsStore.swift in Sources */,
				6463E2E0238DD5E200A52792 /* ExerciseDetails.swift in Sources */,
				6496A7CE239087AB009DCC61 /* TrainingsApiClient.swift in Sources */,
				64A7A15823844C1C00870687 /* Api.swift in Sources */,
				64A7A15E2384938C00870687 /* JsonUtil.swift in Sources */,
				64A7A1502384302800870687 /* TrainingModel.swift in Sources */,
				6484642B23908F2F00F3290D /* ExerciseHeader.swift in Sources */,
			);
			runOnlyForDeploymentPostprocessing = 0;
		};
		64A7A12D2383E99300870687 /* Sources */ = {
			isa = PBXSourcesBuildPhase;
			buildActionMask = 2147483647;
			files = (
				64A7A1362383E99300870687 /* WD_Client_iOsTests.swift in Sources */,
			);
			runOnlyForDeploymentPostprocessing = 0;
		};
		64A7A1382383E99300870687 /* Sources */ = {
			isa = PBXSourcesBuildPhase;
			buildActionMask = 2147483647;
			files = (
				64A7A1412383E99300870687 /* WD_Client_iOsUITests.swift in Sources */,
			);
			runOnlyForDeploymentPostprocessing = 0;
		};
/* End PBXSourcesBuildPhase section */

/* Begin PBXTargetDependency section */
		64A7A1332383E99300870687 /* PBXTargetDependency */ = {
			isa = PBXTargetDependency;
			target = 64A7A11A2383E99000870687 /* WD.Client.iOs */;
			targetProxy = 64A7A1322383E99300870687 /* PBXContainerItemProxy */;
		};
		64A7A13E2383E99300870687 /* PBXTargetDependency */ = {
			isa = PBXTargetDependency;
			target = 64A7A11A2383E99000870687 /* WD.Client.iOs */;
			targetProxy = 64A7A13D2383E99300870687 /* PBXContainerItemProxy */;
		};
/* End PBXTargetDependency section */

/* Begin PBXVariantGroup section */
		64A7A1292383E99200870687 /* LaunchScreen.storyboard */ = {
			isa = PBXVariantGroup;
			children = (
				64A7A12A2383E99200870687 /* Base */,
			);
			name = LaunchScreen.storyboard;
			sourceTree = "<group>";
		};
/* End PBXVariantGroup section */

/* Begin XCBuildConfiguration section */
		64A7A1432383E99300870687 /* Debug */ = {
			isa = XCBuildConfiguration;
			buildSettings = {
				ALWAYS_SEARCH_USER_PATHS = NO;
				CLANG_ANALYZER_NONNULL = YES;
				CLANG_ANALYZER_NUMBER_OBJECT_CONVERSION = YES_AGGRESSIVE;
				CLANG_CXX_LANGUAGE_STANDARD = "gnu++14";
				CLANG_CXX_LIBRARY = "libc++";
				CLANG_ENABLE_MODULES = YES;
				CLANG_ENABLE_OBJC_ARC = YES;
				CLANG_ENABLE_OBJC_WEAK = YES;
				CLANG_WARN_BLOCK_CAPTURE_AUTORELEASING = YES;
				CLANG_WARN_BOOL_CONVERSION = YES;
				CLANG_WARN_COMMA = YES;
				CLANG_WARN_CONSTANT_CONVERSION = YES;
				CLANG_WARN_DEPRECATED_OBJC_IMPLEMENTATIONS = YES;
				CLANG_WARN_DIRECT_OBJC_ISA_USAGE = YES_ERROR;
				CLANG_WARN_DOCUMENTATION_COMMENTS = YES;
				CLANG_WARN_EMPTY_BODY = YES;
				CLANG_WARN_ENUM_CONVERSION = YES;
				CLANG_WARN_INFINITE_RECURSION = YES;
				CLANG_WARN_INT_CONVERSION = YES;
				CLANG_WARN_NON_LITERAL_NULL_CONVERSION = YES;
				CLANG_WARN_OBJC_IMPLICIT_RETAIN_SELF = YES;
				CLANG_WARN_OBJC_LITERAL_CONVERSION = YES;
				CLANG_WARN_OBJC_ROOT_CLASS = YES_ERROR;
				CLANG_WARN_RANGE_LOOP_ANALYSIS = YES;
				CLANG_WARN_STRICT_PROTOTYPES = YES;
				CLANG_WARN_SUSPICIOUS_MOVE = YES;
				CLANG_WARN_UNGUARDED_AVAILABILITY = YES_AGGRESSIVE;
				CLANG_WARN_UNREACHABLE_CODE = YES;
				CLANG_WARN__DUPLICATE_METHOD_MATCH = YES;
				COPY_PHASE_STRIP = NO;
				DEBUG_INFORMATION_FORMAT = dwarf;
				ENABLE_STRICT_OBJC_MSGSEND = YES;
				ENABLE_TESTABILITY = YES;
				GCC_C_LANGUAGE_STANDARD = gnu11;
				GCC_DYNAMIC_NO_PIC = NO;
				GCC_NO_COMMON_BLOCKS = YES;
				GCC_OPTIMIZATION_LEVEL = 0;
				GCC_PREPROCESSOR_DEFINITIONS = (
					"DEBUG=1",
					"$(inherited)",
				);
				GCC_WARN_64_TO_32_BIT_CONVERSION = YES;
				GCC_WARN_ABOUT_RETURN_TYPE = YES_ERROR;
				GCC_WARN_UNDECLARED_SELECTOR = YES;
				GCC_WARN_UNINITIALIZED_AUTOS = YES_AGGRESSIVE;
				GCC_WARN_UNUSED_FUNCTION = YES;
				GCC_WARN_UNUSED_VARIABLE = YES;
				IPHONEOS_DEPLOYMENT_TARGET = 13.2;
				MTL_ENABLE_DEBUG_INFO = INCLUDE_SOURCE;
				MTL_FAST_MATH = YES;
				ONLY_ACTIVE_ARCH = YES;
				SDKROOT = iphoneos;
				SWIFT_ACTIVE_COMPILATION_CONDITIONS = DEBUG;
				SWIFT_OPTIMIZATION_LEVEL = "-Onone";
			};
			name = Debug;
		};
		64A7A1442383E99300870687 /* Release */ = {
			isa = XCBuildConfiguration;
			buildSettings = {
				ALWAYS_SEARCH_USER_PATHS = NO;
				CLANG_ANALYZER_NONNULL = YES;
				CLANG_ANALYZER_NUMBER_OBJECT_CONVERSION = YES_AGGRESSIVE;
				CLANG_CXX_LANGUAGE_STANDARD = "gnu++14";
				CLANG_CXX_LIBRARY = "libc++";
				CLANG_ENABLE_MODULES = YES;
				CLANG_ENABLE_OBJC_ARC = YES;
				CLANG_ENABLE_OBJC_WEAK = YES;
				CLANG_WARN_BLOCK_CAPTURE_AUTORELEASING = YES;
				CLANG_WARN_BOOL_CONVERSION = YES;
				CLANG_WARN_COMMA = YES;
				CLANG_WARN_CONSTANT_CONVERSION = YES;
				CLANG_WARN_DEPRECATED_OBJC_IMPLEMENTATIONS = YES;
				CLANG_WARN_DIRECT_OBJC_ISA_USAGE = YES_ERROR;
				CLANG_WARN_DOCUMENTATION_COMMENTS = YES;
				CLANG_WARN_EMPTY_BODY = YES;
				CLANG_WARN_ENUM_CONVERSION = YES;
				CLANG_WARN_INFINITE_RECURSION = YES;
				CLANG_WARN_INT_CONVERSION = YES;
				CLANG_WARN_NON_LITERAL_NULL_CONVERSION = YES;
				CLANG_WARN_OBJC_IMPLICIT_RETAIN_SELF = YES;
				CLANG_WARN_OBJC_LITERAL_CONVERSION = YES;
				CLANG_WARN_OBJC_ROOT_CLASS = YES_ERROR;
				CLANG_WARN_RANGE_LOOP_ANALYSIS = YES;
				CLANG_WARN_STRICT_PROTOTYPES = YES;
				CLANG_WARN_SUSPICIOUS_MOVE = YES;
				CLANG_WARN_UNGUARDED_AVAILABILITY = YES_AGGRESSIVE;
				CLANG_WARN_UNREACHABLE_CODE = YES;
				CLANG_WARN__DUPLICATE_METHOD_MATCH = YES;
				COPY_PHASE_STRIP = NO;
				DEBUG_INFORMATION_FORMAT = "dwarf-with-dsym";
				ENABLE_NS_ASSERTIONS = NO;
				ENABLE_STRICT_OBJC_MSGSEND = YES;
				GCC_C_LANGUAGE_STANDARD = gnu11;
				GCC_NO_COMMON_BLOCKS = YES;
				GCC_WARN_64_TO_32_BIT_CONVERSION = YES;
				GCC_WARN_ABOUT_RETURN_TYPE = YES_ERROR;
				GCC_WARN_UNDECLARED_SELECTOR = YES;
				GCC_WARN_UNINITIALIZED_AUTOS = YES_AGGRESSIVE;
				GCC_WARN_UNUSED_FUNCTION = YES;
				GCC_WARN_UNUSED_VARIABLE = YES;
				IPHONEOS_DEPLOYMENT_TARGET = 13.2;
				MTL_ENABLE_DEBUG_INFO = NO;
				MTL_FAST_MATH = YES;
				SDKROOT = iphoneos;
				SWIFT_COMPILATION_MODE = wholemodule;
				SWIFT_OPTIMIZATION_LEVEL = "-O";
				VALIDATE_PRODUCT = YES;
			};
			name = Release;
		};
		64A7A1462383E99300870687 /* Debug */ = {
			isa = XCBuildConfiguration;
			baseConfigurationReference = 9B38C5728D98362776C878FC /* Pods-WD.Client.iOs.debug.xcconfig */;
			buildSettings = {
				ASSETCATALOG_COMPILER_APPICON_NAME = AppIcon;
				CODE_SIGN_STYLE = Automatic;
				DEVELOPMENT_ASSET_PATHS = "\"WD.Client.iOs/Preview Content\"";
				DEVELOPMENT_TEAM = 9K29WP93U5;
				ENABLE_PREVIEWS = YES;
				INFOPLIST_FILE = WD.Client.iOs/Info.plist;
				LD_RUNPATH_SEARCH_PATHS = (
					"$(inherited)",
					"@executable_path/Frameworks",
				);
				PRODUCT_BUNDLE_IDENTIFIER = "maxim.stecenko.WD-Client-iOs";
				PRODUCT_NAME = "$(TARGET_NAME)";
				SWIFT_VERSION = 5.0;
				TARGETED_DEVICE_FAMILY = 1;
			};
			name = Debug;
		};
		64A7A1472383E99300870687 /* Release */ = {
			isa = XCBuildConfiguration;
			baseConfigurationReference = FF5E2A33878C6A66025484D3 /* Pods-WD.Client.iOs.release.xcconfig */;
			buildSettings = {
				ASSETCATALOG_COMPILER_APPICON_NAME = AppIcon;
				CODE_SIGN_STYLE = Automatic;
				DEVELOPMENT_ASSET_PATHS = "\"WD.Client.iOs/Preview Content\"";
				DEVELOPMENT_TEAM = 9K29WP93U5;
				ENABLE_PREVIEWS = YES;
				INFOPLIST_FILE = WD.Client.iOs/Info.plist;
				LD_RUNPATH_SEARCH_PATHS = (
					"$(inherited)",
					"@executable_path/Frameworks",
				);
				PRODUCT_BUNDLE_IDENTIFIER = "maxim.stecenko.WD-Client-iOs";
				PRODUCT_NAME = "$(TARGET_NAME)";
				SWIFT_VERSION = 5.0;
				TARGETED_DEVICE_FAMILY = 1;
			};
			name = Release;
		};
		64A7A1492383E99300870687 /* Debug */ = {
			isa = XCBuildConfiguration;
			buildSettings = {
				ALWAYS_EMBED_SWIFT_STANDARD_LIBRARIES = YES;
				BUNDLE_LOADER = "$(TEST_HOST)";
				CODE_SIGN_STYLE = Automatic;
				INFOPLIST_FILE = WD.Client.iOsTests/Info.plist;
				IPHONEOS_DEPLOYMENT_TARGET = 13.2;
				LD_RUNPATH_SEARCH_PATHS = (
					"$(inherited)",
					"@executable_path/Frameworks",
					"@loader_path/Frameworks",
				);
				PRODUCT_BUNDLE_IDENTIFIER = "maxim.stecenko.WD-Client-iOsTests";
				PRODUCT_NAME = "$(TARGET_NAME)";
				SWIFT_VERSION = 5.0;
				TARGETED_DEVICE_FAMILY = "1,2";
				TEST_HOST = "$(BUILT_PRODUCTS_DIR)/WD.Client.iOs.app/WD.Client.iOs";
			};
			name = Debug;
		};
		64A7A14A2383E99300870687 /* Release */ = {
			isa = XCBuildConfiguration;
			buildSettings = {
				ALWAYS_EMBED_SWIFT_STANDARD_LIBRARIES = YES;
				BUNDLE_LOADER = "$(TEST_HOST)";
				CODE_SIGN_STYLE = Automatic;
				INFOPLIST_FILE = WD.Client.iOsTests/Info.plist;
				IPHONEOS_DEPLOYMENT_TARGET = 13.2;
				LD_RUNPATH_SEARCH_PATHS = (
					"$(inherited)",
					"@executable_path/Frameworks",
					"@loader_path/Frameworks",
				);
				PRODUCT_BUNDLE_IDENTIFIER = "maxim.stecenko.WD-Client-iOsTests";
				PRODUCT_NAME = "$(TARGET_NAME)";
				SWIFT_VERSION = 5.0;
				TARGETED_DEVICE_FAMILY = "1,2";
				TEST_HOST = "$(BUILT_PRODUCTS_DIR)/WD.Client.iOs.app/WD.Client.iOs";
			};
			name = Release;
		};
		64A7A14C2383E99300870687 /* Debug */ = {
			isa = XCBuildConfiguration;
			buildSettings = {
				ALWAYS_EMBED_SWIFT_STANDARD_LIBRARIES = YES;
				CODE_SIGN_STYLE = Automatic;
				INFOPLIST_FILE = WD.Client.iOsUITests/Info.plist;
				LD_RUNPATH_SEARCH_PATHS = (
					"$(inherited)",
					"@executable_path/Frameworks",
					"@loader_path/Frameworks",
				);
				PRODUCT_BUNDLE_IDENTIFIER = "maxim.stecenko.WD-Client-iOsUITests";
				PRODUCT_NAME = "$(TARGET_NAME)";
				SWIFT_VERSION = 5.0;
				TARGETED_DEVICE_FAMILY = "1,2";
				TEST_TARGET_NAME = WD.Client.iOs;
			};
			name = Debug;
		};
		64A7A14D2383E99300870687 /* Release */ = {
			isa = XCBuildConfiguration;
			buildSettings = {
				ALWAYS_EMBED_SWIFT_STANDARD_LIBRARIES = YES;
				CODE_SIGN_STYLE = Automatic;
				INFOPLIST_FILE = WD.Client.iOsUITests/Info.plist;
				LD_RUNPATH_SEARCH_PATHS = (
					"$(inherited)",
					"@executable_path/Frameworks",
					"@loader_path/Frameworks",
				);
				PRODUCT_BUNDLE_IDENTIFIER = "maxim.stecenko.WD-Client-iOsUITests";
				PRODUCT_NAME = "$(TARGET_NAME)";
				SWIFT_VERSION = 5.0;
				TARGETED_DEVICE_FAMILY = "1,2";
				TEST_TARGET_NAME = WD.Client.iOs;
			};
			name = Release;
		};
/* End XCBuildConfiguration section */

/* Begin XCConfigurationList section */
		64A7A1162383E99000870687 /* Build configuration list for PBXProject "WD.Client.iOs" */ = {
			isa = XCConfigurationList;
			buildConfigurations = (
				64A7A1432383E99300870687 /* Debug */,
				64A7A1442383E99300870687 /* Release */,
			);
			defaultConfigurationIsVisible = 0;
			defaultConfigurationName = Release;
		};
		64A7A1452383E99300870687 /* Build configuration list for PBXNativeTarget "WD.Client.iOs" */ = {
			isa = XCConfigurationList;
			buildConfigurations = (
				64A7A1462383E99300870687 /* Debug */,
				64A7A1472383E99300870687 /* Release */,
			);
			defaultConfigurationIsVisible = 0;
			defaultConfigurationName = Release;
		};
		64A7A1482383E99300870687 /* Build configuration list for PBXNativeTarget "WD.Client.iOsTests" */ = {
			isa = XCConfigurationList;
			buildConfigurations = (
				64A7A1492383E99300870687 /* Debug */,
				64A7A14A2383E99300870687 /* Release */,
			);
			defaultConfigurationIsVisible = 0;
			defaultConfigurationName = Release;
		};
		64A7A14B2383E99300870687 /* Build configuration list for PBXNativeTarget "WD.Client.iOsUITests" */ = {
			isa = XCConfigurationList;
			buildConfigurations = (
				64A7A14C2383E99300870687 /* Debug */,
				64A7A14D2383E99300870687 /* Release */,
			);
			defaultConfigurationIsVisible = 0;
			defaultConfigurationName = Release;
		};
/* End XCConfigurationList section */
	};
	rootObject = 64A7A1132383E99000870687 /* Project object */;
}
